
Microsoft Visual Studio Solution File, Format Version 12.00
# Visual Studio Version 16
VisualStudioVersion = 16.0.31306.274
MinimumVisualStudioVersion = 10.0.40219.1
Project("{FAE04EC0-301F-11D3-BF4B-00C04F79EFBC}") = "TVPProjekat2", "TVPProjekat2\TVPProjekat2.csproj", "{731D4BEA-9ABD-4F4E-BAD5-0CC1E643166B}"
EndProject
Global
	GlobalSection(SolutionConfigurationPlatforms) = preSolution
		Debug|Any CPU = Debug|Any CPU
		Release|Any CPU = Release|Any CPU
	EndGlobalSection
	GlobalSection(ProjectConfigurationPlatforms) = postSolution
		{731D4BEA-9ABD-4F4E-BAD5-0CC1E643166B}.Debug|Any CPU.ActiveCfg = Debug|Any CPU
		{731D4BEA-9ABD-4F4E-BAD5-0CC1E643166B}.Debug|Any CPU.Build.0 = Debug|Any CPU
		{731D4BEA-9ABD-4F4E-BAD5-0CC1E643166B}.Release|Any CPU.ActiveCfg = Release|Any CPU
		{731D4BEA-9ABD-4F4E-BAD5-0CC1E643166B}.Release|Any CPU.Build.0 = Release|Any CPU
	EndGlobalSection
	GlobalSection(SolutionProperties) = preSolution
		HideSolutionNode = FALSE
	EndGlobalSection
	GlobalSection(ExtensibilityGlobals) = postSolution
		SolutionGuid = {CF6AC370-7BC5-487A-AF8B-D50E896657AD}
	EndGlobalSection
EndGlobal
